PODS:
  - NFCPassportSigner (1.0.17):
    - OpenSSL-Universal/Framework (= 1.0.2.20)
  - OpenSSL-Universal/Framework (1.0.2.20)

DEPENDENCIES:
  - NFCPassportSigner (from `../`)

SPEC REPOS:
  trunk:
    - OpenSSL-Universal

EXTERNAL SOURCES:
  NFCPassportSigner:
    :path: "../"

SPEC CHECKSUMS:
  NFCPassportSigner: 36767e8a5ad9341db1abc66e68b8bc0b01eb4f03
  OpenSSL-Universal: ff34003318d5e1163e9529b08470708e389ffcdd

PODFILE CHECKSUM: d43260603c2dd133b45ae9f69ebf297d2b007149

COCOAPODS: 1.10.1
